{
  "name": "my",
  "lockfileVersion": 2,
  "requires": true,
  "packages": {
    "": {
      "dependencies": {
        "load-js": "^3.1.1"
      }
    },
    "node_modules/load-js": {
      "version": "3.1.1",
      "resolved": "https://registry.npmmirror.com/load-js/-/load-js-3.1.1.tgz",
      "integrity": "sha512-yAZcLdKtq/9e3rE8A+c6noD/M++6vryP5A96axcM8NReISX3tzTCHUS8apToXzToaPs9LlApqxfa5uCDBuv+SQ=="
    }
  },
  "dependencies": {
    "load-js": {
      "version": "3.1.1",
      "resolved": "https://registry.npmmirror.com/load-js/-/load-js-3.1.1.tgz",
      "integrity": "sha512-yAZcLdKtq/9e3rE8A+c6noD/M++6vryP5A96axcM8NReISX3tzTCHUS8apToXzToaPs9LlApqxfa5uCDBuv+SQ=="
    }
  }
}
